
Microsoft Visual Studio Solution File, Format Version 12.00
# Visual Studio Version 17
VisualStudioVersion = 17.0.31903.59
MinimumVisualStudioVersion = 10.0.40219.1
Project("{2150E333-8FDC-42A3-9474-1A3956D46DE8}") = "src", "src", "{C28F9D11-BA54-4C82-B4B8-37BDD6307E33}"
EndProject
Project("{2150E333-8FDC-42A3-9474-1A3956D46DE8}") = "Api", "Api", "{67ABA041-D010-4881-8C45-7009F2C430AE}"
EndProject
Project("{FAE04EC0-301F-11D3-BF4B-00C04F79EFBC}") = "Adaplio.Api", "src\Api\Adaplio.Api\Adaplio.Api.csproj", "{A45498B2-A673-476E-9CA5-274EAA25CB3A}"
EndProject
Project("{2150E333-8FDC-42A3-9474-1A3956D46DE8}") = "Frontend", "Frontend", "{32461567-26C8-43DA-9338-C0CED09B4A28}"
EndProject
Project("{FAE04EC0-301F-11D3-BF4B-00C04F79EFBC}") = "Adaplio.Frontend", "src\Frontend\Adaplio.Frontend\Adaplio.Frontend.csproj", "{CE2378CE-5789-4D74-9CD0-2035CDEC7ED3}"
EndProject
Project("{2150E333-8FDC-42A3-9474-1A3956D46DE8}") = "Jobs", "Jobs", "{72FC2577-7048-427D-AE90-CFEC1CAC7A2A}"
EndProject
Project("{FAE04EC0-301F-11D3-BF4B-00C04F79EFBC}") = "Adaplio.Jobs", "src\Jobs\Adaplio.Jobs\Adaplio.Jobs.csproj", "{B2134F61-B77E-404A-B6E2-FF21D04FBA5F}"
EndProject
Project("{2150E333-8FDC-42A3-9474-1A3956D46DE8}") = "Shared", "Shared", "{32AF49E1-5937-45BA-8091-E3AFED691B20}"
EndProject
Project("{FAE04EC0-301F-11D3-BF4B-00C04F79EFBC}") = "Adaplio.Shared", "src\Shared\Adaplio.Shared\Adaplio.Shared.csproj", "{0BF53698-3AF3-4717-873F-074538B8DBAD}"
EndProject
Global
	GlobalSection(SolutionConfigurationPlatforms) = preSolution
		Debug|Any CPU = Debug|Any CPU
		Release|Any CPU = Release|Any CPU
	EndGlobalSection
	GlobalSection(SolutionProperties) = preSolution
		HideSolutionNode = FALSE
	EndGlobalSection
	GlobalSection(ProjectConfigurationPlatforms) = postSolution
		{A45498B2-A673-476E-9CA5-274EAA25CB3A}.Debug|Any CPU.ActiveCfg = Debug|Any CPU
		{A45498B2-A673-476E-9CA5-274EAA25CB3A}.Debug|Any CPU.Build.0 = Debug|Any CPU
		{A45498B2-A673-476E-9CA5-274EAA25CB3A}.Release|Any CPU.ActiveCfg = Release|Any CPU
		{A45498B2-A673-476E-9CA5-274EAA25CB3A}.Release|Any CPU.Build.0 = Release|Any CPU
		{CE2378CE-5789-4D74-9CD0-2035CDEC7ED3}.Debug|Any CPU.ActiveCfg = Debug|Any CPU
		{CE2378CE-5789-4D74-9CD0-2035CDEC7ED3}.Debug|Any CPU.Build.0 = Debug|Any CPU
		{CE2378CE-5789-4D74-9CD0-2035CDEC7ED3}.Release|Any CPU.ActiveCfg = Release|Any CPU
		{CE2378CE-5789-4D74-9CD0-2035CDEC7ED3}.Release|Any CPU.Build.0 = Release|Any CPU
		{B2134F61-B77E-404A-B6E2-FF21D04FBA5F}.Debug|Any CPU.ActiveCfg = Debug|Any CPU
		{B2134F61-B77E-404A-B6E2-FF21D04FBA5F}.Debug|Any CPU.Build.0 = Debug|Any CPU
		{B2134F61-B77E-404A-B6E2-FF21D04FBA5F}.Release|Any CPU.ActiveCfg = Release|Any CPU
		{B2134F61-B77E-404A-B6E2-FF21D04FBA5F}.Release|Any CPU.Build.0 = Release|Any CPU
		{0BF53698-3AF3-4717-873F-074538B8DBAD}.Debug|Any CPU.ActiveCfg = Debug|Any CPU
		{0BF53698-3AF3-4717-873F-074538B8DBAD}.Debug|Any CPU.Build.0 = Debug|Any CPU
		{0BF53698-3AF3-4717-873F-074538B8DBAD}.Release|Any CPU.ActiveCfg = Release|Any CPU
		{0BF53698-3AF3-4717-873F-074538B8DBAD}.Release|Any CPU.Build.0 = Release|Any CPU
	EndGlobalSection
	GlobalSection(NestedProjects) = preSolution
		{67ABA041-D010-4881-8C45-7009F2C430AE} = {C28F9D11-BA54-4C82-B4B8-37BDD6307E33}
		{A45498B2-A673-476E-9CA5-274EAA25CB3A} = {67ABA041-D010-4881-8C45-7009F2C430AE}
		{32461567-26C8-43DA-9338-C0CED09B4A28} = {C28F9D11-BA54-4C82-B4B8-37BDD6307E33}
		{CE2378CE-5789-4D74-9CD0-2035CDEC7ED3} = {32461567-26C8-43DA-9338-C0CED09B4A28}
		{72FC2577-7048-427D-AE90-CFEC1CAC7A2A} = {C28F9D11-BA54-4C82-B4B8-37BDD6307E33}
		{B2134F61-B77E-404A-B6E2-FF21D04FBA5F} = {72FC2577-7048-427D-AE90-CFEC1CAC7A2A}
		{32AF49E1-5937-45BA-8091-E3AFED691B20} = {C28F9D11-BA54-4C82-B4B8-37BDD6307E33}
		{0BF53698-3AF3-4717-873F-074538B8DBAD} = {32AF49E1-5937-45BA-8091-E3AFED691B20}
	EndGlobalSection
EndGlobal
